
Microsoft Visual Studio Solution File, Format Version 12.00
# Visual Studio Version 17
VisualStudioVersion = 17.14.36518.9
MinimumVisualStudioVersion = 10.0.40219.1
Project("{FAE04EC0-301F-11D3-BF4B-00C04F79EFBC}") = "EuclidesOrginal", "Euclides\EuclidesOrginal.csproj", "{6F6E5A48-3BB2-415B-A02A-D5DFBB66C62F}"
EndProject
Project("{FAE04EC0-301F-11D3-BF4B-00C04F79EFBC}") = "EuclidesModern", "EuclidesModern\EuclidesModern.csproj", "{D705B993-4F51-48E3-9A43-F7E9A4B67B1F}"
EndProject
Global
	GlobalSection(SolutionConfigurationPlatforms) = preSolution
		Debug|Any CPU = Debug|Any CPU
		Release|Any CPU = Release|Any CPU
	EndGlobalSection
	GlobalSection(ProjectConfigurationPlatforms) = postSolution
		{6F6E5A48-3BB2-415B-A02A-D5DFBB66C62F}.Debug|Any CPU.ActiveCfg = Debug|Any CPU
		{6F6E5A48-3BB2-415B-A02A-D5DFBB66C62F}.Debug|Any CPU.Build.0 = Debug|Any CPU
		{6F6E5A48-3BB2-415B-A02A-D5DFBB66C62F}.Release|Any CPU.ActiveCfg = Release|Any CPU
		{6F6E5A48-3BB2-415B-A02A-D5DFBB66C62F}.Release|Any CPU.Build.0 = Release|Any CPU
		{D705B993-4F51-48E3-9A43-F7E9A4B67B1F}.Debug|Any CPU.ActiveCfg = Debug|Any CPU
		{D705B993-4F51-48E3-9A43-F7E9A4B67B1F}.Debug|Any CPU.Build.0 = Debug|Any CPU
		{D705B993-4F51-48E3-9A43-F7E9A4B67B1F}.Release|Any CPU.ActiveCfg = Release|Any CPU
		{D705B993-4F51-48E3-9A43-F7E9A4B67B1F}.Release|Any CPU.Build.0 = Release|Any CPU
	EndGlobalSection
	GlobalSection(SolutionProperties) = preSolution
		HideSolutionNode = FALSE
	EndGlobalSection
	GlobalSection(ExtensibilityGlobals) = postSolution
		SolutionGuid = {3B696097-E67E-46E1-BB46-765B75227504}
	EndGlobalSection
EndGlobal
