
Microsoft Visual Studio Solution File, Format Version 12.00
# Visual Studio Version 18
VisualStudioVersion = 18.0.11222.15 d18.0
MinimumVisualStudioVersion = 10.0.40219.1
Project("{FAE04EC0-301F-11D3-BF4B-00C04F79EFBC}") = "EuclidesOrginal", "Euclides\EuclidesOrginal.csproj", "{6F6E5A48-3BB2-415B-A02A-D5DFBB66C62F}"
EndProject
Project("{FAE04EC0-301F-11D3-BF4B-00C04F79EFBC}") = "EuclidesModern", "EuclidesModern\EuclidesModern.csproj", "{D705B993-4F51-48E3-9A43-F7E9A4B67B1F}"
EndProject
Project("{FAE04EC0-301F-11D3-BF4B-00C04F79EFBC}") = "Factorial", "Power\Factorial.csproj", "{CF56FDC4-DE8D-4FA9-BB4B-5161284B1661}"
EndProject
Project("{FAE04EC0-301F-11D3-BF4B-00C04F79EFBC}") = "Fibbonaci", "Fibbonaci\Fibbonaci.csproj", "{5A0212CC-19E9-4EEE-8674-F04F9BF39AAF}"
EndProject
Project("{FAE04EC0-301F-11D3-BF4B-00C04F79EFBC}") = "WebAttacksCatalog", "WebAttacksCatalog\WebAttacksCatalog.csproj", "{D155603A-AB95-40B6-8EA1-226A8CA47C27}"
EndProject
Project("{FAE04EC0-301F-11D3-BF4B-00C04F79EFBC}") = "AddUser", "AddUser\AddUser.csproj", "{63823467-74C9-457F-AC91-846AB19E1842}"
EndProject
Project("{FAE04EC0-301F-11D3-BF4B-00C04F79EFBC}") = "Dec-BinConverter", "Dec-BinConverter\Dec-BinConverter.csproj", "{AEC2959B-3F6A-4D54-9119-B0ADE66CEE45}"
EndProject
Project("{FAE04EC0-301F-11D3-BF4B-00C04F79EFBC}") = "SendParcel", "SendParcel\SendParcel.csproj", "{7A8862C2-35FA-4E7F-ADA8-D6FBAAA33CB9}"
EndProject
Project("{FAE04EC0-301F-11D3-BF4B-00C04F79EFBC}") = "WeatherForecast(WebApi)", "WeatherForecast(WebApi)\WeatherForecast(WebApi).csproj", "{5BEBBC19-C0BF-5D17-41DC-38E65F2373BB}"
EndProject
Global
	GlobalSection(SolutionConfigurationPlatforms) = preSolution
		Debug|Any CPU = Debug|Any CPU
		Release|Any CPU = Release|Any CPU
	EndGlobalSection
	GlobalSection(ProjectConfigurationPlatforms) = postSolution
		{6F6E5A48-3BB2-415B-A02A-D5DFBB66C62F}.Debug|Any CPU.ActiveCfg = Debug|Any CPU
		{6F6E5A48-3BB2-415B-A02A-D5DFBB66C62F}.Debug|Any CPU.Build.0 = Debug|Any CPU
		{6F6E5A48-3BB2-415B-A02A-D5DFBB66C62F}.Release|Any CPU.ActiveCfg = Release|Any CPU
		{6F6E5A48-3BB2-415B-A02A-D5DFBB66C62F}.Release|Any CPU.Build.0 = Release|Any CPU
		{D705B993-4F51-48E3-9A43-F7E9A4B67B1F}.Debug|Any CPU.ActiveCfg = Debug|Any CPU
		{D705B993-4F51-48E3-9A43-F7E9A4B67B1F}.Debug|Any CPU.Build.0 = Debug|Any CPU
		{D705B993-4F51-48E3-9A43-F7E9A4B67B1F}.Release|Any CPU.ActiveCfg = Release|Any CPU
		{D705B993-4F51-48E3-9A43-F7E9A4B67B1F}.Release|Any CPU.Build.0 = Release|Any CPU
		{CF56FDC4-DE8D-4FA9-BB4B-5161284B1661}.Debug|Any CPU.ActiveCfg = Debug|Any CPU
		{CF56FDC4-DE8D-4FA9-BB4B-5161284B1661}.Debug|Any CPU.Build.0 = Debug|Any CPU
		{CF56FDC4-DE8D-4FA9-BB4B-5161284B1661}.Release|Any CPU.ActiveCfg = Release|Any CPU
		{CF56FDC4-DE8D-4FA9-BB4B-5161284B1661}.Release|Any CPU.Build.0 = Release|Any CPU
		{5A0212CC-19E9-4EEE-8674-F04F9BF39AAF}.Debug|Any CPU.ActiveCfg = Debug|Any CPU
		{5A0212CC-19E9-4EEE-8674-F04F9BF39AAF}.Debug|Any CPU.Build.0 = Debug|Any CPU
		{5A0212CC-19E9-4EEE-8674-F04F9BF39AAF}.Release|Any CPU.ActiveCfg = Release|Any CPU
		{5A0212CC-19E9-4EEE-8674-F04F9BF39AAF}.Release|Any CPU.Build.0 = Release|Any CPU
		{D155603A-AB95-40B6-8EA1-226A8CA47C27}.Debug|Any CPU.ActiveCfg = Debug|Any CPU
		{D155603A-AB95-40B6-8EA1-226A8CA47C27}.Debug|Any CPU.Build.0 = Debug|Any CPU
		{D155603A-AB95-40B6-8EA1-226A8CA47C27}.Debug|Any CPU.Deploy.0 = Debug|Any CPU
		{D155603A-AB95-40B6-8EA1-226A8CA47C27}.Release|Any CPU.ActiveCfg = Release|Any CPU
		{D155603A-AB95-40B6-8EA1-226A8CA47C27}.Release|Any CPU.Build.0 = Release|Any CPU
		{63823467-74C9-457F-AC91-846AB19E1842}.Debug|Any CPU.ActiveCfg = Debug|Any CPU
		{63823467-74C9-457F-AC91-846AB19E1842}.Debug|Any CPU.Build.0 = Debug|Any CPU
		{63823467-74C9-457F-AC91-846AB19E1842}.Debug|Any CPU.Deploy.0 = Debug|Any CPU
		{63823467-74C9-457F-AC91-846AB19E1842}.Release|Any CPU.ActiveCfg = Release|Any CPU
		{63823467-74C9-457F-AC91-846AB19E1842}.Release|Any CPU.Build.0 = Release|Any CPU
		{AEC2959B-3F6A-4D54-9119-B0ADE66CEE45}.Debug|Any CPU.ActiveCfg = Debug|Any CPU
		{AEC2959B-3F6A-4D54-9119-B0ADE66CEE45}.Debug|Any CPU.Build.0 = Debug|Any CPU
		{AEC2959B-3F6A-4D54-9119-B0ADE66CEE45}.Debug|Any CPU.Deploy.0 = Debug|Any CPU
		{AEC2959B-3F6A-4D54-9119-B0ADE66CEE45}.Release|Any CPU.ActiveCfg = Release|Any CPU
		{AEC2959B-3F6A-4D54-9119-B0ADE66CEE45}.Release|Any CPU.Build.0 = Release|Any CPU
		{7A8862C2-35FA-4E7F-ADA8-D6FBAAA33CB9}.Debug|Any CPU.ActiveCfg = Debug|Any CPU
		{7A8862C2-35FA-4E7F-ADA8-D6FBAAA33CB9}.Debug|Any CPU.Build.0 = Debug|Any CPU
		{7A8862C2-35FA-4E7F-ADA8-D6FBAAA33CB9}.Release|Any CPU.ActiveCfg = Release|Any CPU
		{7A8862C2-35FA-4E7F-ADA8-D6FBAAA33CB9}.Release|Any CPU.Build.0 = Release|Any CPU
		{5BEBBC19-C0BF-5D17-41DC-38E65F2373BB}.Debug|Any CPU.ActiveCfg = Debug|Any CPU
		{5BEBBC19-C0BF-5D17-41DC-38E65F2373BB}.Debug|Any CPU.Build.0 = Debug|Any CPU
		{5BEBBC19-C0BF-5D17-41DC-38E65F2373BB}.Debug|Any CPU.Deploy.0 = Debug|Any CPU
		{5BEBBC19-C0BF-5D17-41DC-38E65F2373BB}.Release|Any CPU.ActiveCfg = Release|Any CPU
		{5BEBBC19-C0BF-5D17-41DC-38E65F2373BB}.Release|Any CPU.Build.0 = Release|Any CPU
	EndGlobalSection
	GlobalSection(SolutionProperties) = preSolution
		HideSolutionNode = FALSE
	EndGlobalSection
	GlobalSection(ExtensibilityGlobals) = postSolution
		SolutionGuid = {3B696097-E67E-46E1-BB46-765B75227504}
	EndGlobalSection
EndGlobal
